
Microsoft Visual Studio Solution File, Format Version 12.00
# Visual Studio Version 17
VisualStudioVersion = 17.3.32611.2
MinimumVisualStudioVersion = 10.0.40219.1
Project("{2150E333-8FDC-42A3-9474-1A3956D46DE8}") = "Services", "Services", "{BEE38AEB-2275-4569-B6A2-1A310D027B54}"
EndProject
Project("{2150E333-8FDC-42A3-9474-1A3956D46DE8}") = "Catalog", "Catalog", "{F61DD97F-1541-4157-8015-2FA67955F036}"
EndProject
Project("{9A19103F-16F7-4668-BE54-9A1E7A4F7556}") = "Catalog.API", "src\Services\Catalog\Catalog.API\Catalog.API.csproj", "{C7FEA0D7-E3E2-40AE-8B3A-E68E99D9128E}"
EndProject
Project("{2150E333-8FDC-42A3-9474-1A3956D46DE8}") = "Basket", "Basket", "{1F3256FC-4667-47A8-86DB-B303A54EA28B}"
EndProject
Project("{9A19103F-16F7-4668-BE54-9A1E7A4F7556}") = "Basket.API", "src\Services\Basket\Basket.API\Basket.API.csproj", "{570E1AE0-F85A-4FFD-9537-F1AAF9A7C89F}"
EndProject
Project("{2150E333-8FDC-42A3-9474-1A3956D46DE8}") = "Discount", "Discount", "{5A009D6C-77D9-42DE-ADAC-25C0086F37DE}"
EndProject
Project("{9A19103F-16F7-4668-BE54-9A1E7A4F7556}") = "Discount.API", "src\Services\Discount\Discount.API\Discount.API.csproj", "{50317986-E89E-4D39-88C0-6805A5B00C4A}"
EndProject
Project("{9A19103F-16F7-4668-BE54-9A1E7A4F7556}") = "Discount.Grpc", "src\Services\Discount\Discount.Grpc\Discount.Grpc.csproj", "{50308519-4E96-4BB1-80B3-96510FBE926C}"
EndProject
Project("{2150E333-8FDC-42A3-9474-1A3956D46DE8}") = "Ordering", "Ordering", "{AD2F893D-6746-478A-87A0-1E489164F453}"
EndProject
Project("{2150E333-8FDC-42A3-9474-1A3956D46DE8}") = "Ordering.API", "Ordering.API", "{BFE67EA3-0645-49B2-8318-8421B3E88988}"
EndProject
Project("{2150E333-8FDC-42A3-9474-1A3956D46DE8}") = "Ordering.Application", "Ordering.Application", "{698E5043-2C8A-4A2C-8E55-2C2AA73D9560}"
EndProject
Project("{2150E333-8FDC-42A3-9474-1A3956D46DE8}") = "Ordering.Domain", "Ordering.Domain", "{F42ED6E2-B5DB-404F-8EB3-D0BD0E3C85CE}"
EndProject
Project("{2150E333-8FDC-42A3-9474-1A3956D46DE8}") = "Ordering.Infrastructure", "Ordering.Infrastructure", "{1E2B0FCF-A19A-46C8-AB65-337C5A0EF771}"
EndProject
Project("{FAE04EC0-301F-11D3-BF4B-00C04F79EFBC}") = "Ordering.API", "src\Services\Ordering\Ordering.API\Ordering.API.csproj", "{30DAC9F5-CFF7-4CD8-8EEA-F4F9CC68B600}"
EndProject
Project("{FAE04EC0-301F-11D3-BF4B-00C04F79EFBC}") = "Ordering.Application", "src\Services\Ordering\Ordering.Application\Ordering.Application.csproj", "{ECDD5492-E3C1-4B08-BFE1-382717E611B9}"
EndProject
Project("{FAE04EC0-301F-11D3-BF4B-00C04F79EFBC}") = "Ordering.Domain", "src\Services\Ordering\Ordering.Domain\Ordering.Domain.csproj", "{426CF5B5-2035-48F9-B413-BE08D1F2EF2A}"
EndProject
Project("{FAE04EC0-301F-11D3-BF4B-00C04F79EFBC}") = "Ordering.Infrastructure", "src\Services\Ordering\Ordering.Infrastructure\Ordering.Infrastructure.csproj", "{FF2E5FD8-DE21-4D9F-8BB9-3DF80554A62C}"
EndProject
Global
	GlobalSection(SolutionConfigurationPlatforms) = preSolution
		Debug|Any CPU = Debug|Any CPU
		Release|Any CPU = Release|Any CPU
	EndGlobalSection
	GlobalSection(ProjectConfigurationPlatforms) = postSolution
		{C7FEA0D7-E3E2-40AE-8B3A-E68E99D9128E}.Debug|Any CPU.ActiveCfg = Debug|Any CPU
		{C7FEA0D7-E3E2-40AE-8B3A-E68E99D9128E}.Debug|Any CPU.Build.0 = Debug|Any CPU
		{C7FEA0D7-E3E2-40AE-8B3A-E68E99D9128E}.Release|Any CPU.ActiveCfg = Release|Any CPU
		{C7FEA0D7-E3E2-40AE-8B3A-E68E99D9128E}.Release|Any CPU.Build.0 = Release|Any CPU
		{570E1AE0-F85A-4FFD-9537-F1AAF9A7C89F}.Debug|Any CPU.ActiveCfg = Debug|Any CPU
		{570E1AE0-F85A-4FFD-9537-F1AAF9A7C89F}.Debug|Any CPU.Build.0 = Debug|Any CPU
		{570E1AE0-F85A-4FFD-9537-F1AAF9A7C89F}.Release|Any CPU.ActiveCfg = Release|Any CPU
		{570E1AE0-F85A-4FFD-9537-F1AAF9A7C89F}.Release|Any CPU.Build.0 = Release|Any CPU
		{50317986-E89E-4D39-88C0-6805A5B00C4A}.Debug|Any CPU.ActiveCfg = Debug|Any CPU
		{50317986-E89E-4D39-88C0-6805A5B00C4A}.Debug|Any CPU.Build.0 = Debug|Any CPU
		{50317986-E89E-4D39-88C0-6805A5B00C4A}.Release|Any CPU.ActiveCfg = Release|Any CPU
		{50317986-E89E-4D39-88C0-6805A5B00C4A}.Release|Any CPU.Build.0 = Release|Any CPU
		{50308519-4E96-4BB1-80B3-96510FBE926C}.Debug|Any CPU.ActiveCfg = Debug|Any CPU
		{50308519-4E96-4BB1-80B3-96510FBE926C}.Debug|Any CPU.Build.0 = Debug|Any CPU
		{50308519-4E96-4BB1-80B3-96510FBE926C}.Release|Any CPU.ActiveCfg = Release|Any CPU
		{50308519-4E96-4BB1-80B3-96510FBE926C}.Release|Any CPU.Build.0 = Release|Any CPU
		{30DAC9F5-CFF7-4CD8-8EEA-F4F9CC68B600}.Debug|Any CPU.ActiveCfg = Debug|Any CPU
		{30DAC9F5-CFF7-4CD8-8EEA-F4F9CC68B600}.Debug|Any CPU.Build.0 = Debug|Any CPU
		{30DAC9F5-CFF7-4CD8-8EEA-F4F9CC68B600}.Release|Any CPU.ActiveCfg = Release|Any CPU
		{30DAC9F5-CFF7-4CD8-8EEA-F4F9CC68B600}.Release|Any CPU.Build.0 = Release|Any CPU
		{ECDD5492-E3C1-4B08-BFE1-382717E611B9}.Debug|Any CPU.ActiveCfg = Debug|Any CPU
		{ECDD5492-E3C1-4B08-BFE1-382717E611B9}.Debug|Any CPU.Build.0 = Debug|Any CPU
		{ECDD5492-E3C1-4B08-BFE1-382717E611B9}.Release|Any CPU.ActiveCfg = Release|Any CPU
		{ECDD5492-E3C1-4B08-BFE1-382717E611B9}.Release|Any CPU.Build.0 = Release|Any CPU
		{426CF5B5-2035-48F9-B413-BE08D1F2EF2A}.Debug|Any CPU.ActiveCfg = Debug|Any CPU
		{426CF5B5-2035-48F9-B413-BE08D1F2EF2A}.Debug|Any CPU.Build.0 = Debug|Any CPU
		{426CF5B5-2035-48F9-B413-BE08D1F2EF2A}.Release|Any CPU.ActiveCfg = Release|Any CPU
		{426CF5B5-2035-48F9-B413-BE08D1F2EF2A}.Release|Any CPU.Build.0 = Release|Any CPU
		{FF2E5FD8-DE21-4D9F-8BB9-3DF80554A62C}.Debug|Any CPU.ActiveCfg = Debug|Any CPU
		{FF2E5FD8-DE21-4D9F-8BB9-3DF80554A62C}.Debug|Any CPU.Build.0 = Debug|Any CPU
		{FF2E5FD8-DE21-4D9F-8BB9-3DF80554A62C}.Release|Any CPU.ActiveCfg = Release|Any CPU
		{FF2E5FD8-DE21-4D9F-8BB9-3DF80554A62C}.Release|Any CPU.Build.0 = Release|Any CPU
	EndGlobalSection
	GlobalSection(SolutionProperties) = preSolution
		HideSolutionNode = FALSE
	EndGlobalSection
	GlobalSection(NestedProjects) = preSolution
		{F61DD97F-1541-4157-8015-2FA67955F036} = {BEE38AEB-2275-4569-B6A2-1A310D027B54}
		{C7FEA0D7-E3E2-40AE-8B3A-E68E99D9128E} = {F61DD97F-1541-4157-8015-2FA67955F036}
		{1F3256FC-4667-47A8-86DB-B303A54EA28B} = {BEE38AEB-2275-4569-B6A2-1A310D027B54}
		{570E1AE0-F85A-4FFD-9537-F1AAF9A7C89F} = {1F3256FC-4667-47A8-86DB-B303A54EA28B}
		{5A009D6C-77D9-42DE-ADAC-25C0086F37DE} = {BEE38AEB-2275-4569-B6A2-1A310D027B54}
		{50317986-E89E-4D39-88C0-6805A5B00C4A} = {5A009D6C-77D9-42DE-ADAC-25C0086F37DE}
		{50308519-4E96-4BB1-80B3-96510FBE926C} = {5A009D6C-77D9-42DE-ADAC-25C0086F37DE}
		{AD2F893D-6746-478A-87A0-1E489164F453} = {BEE38AEB-2275-4569-B6A2-1A310D027B54}
		{BFE67EA3-0645-49B2-8318-8421B3E88988} = {AD2F893D-6746-478A-87A0-1E489164F453}
		{698E5043-2C8A-4A2C-8E55-2C2AA73D9560} = {AD2F893D-6746-478A-87A0-1E489164F453}
		{F42ED6E2-B5DB-404F-8EB3-D0BD0E3C85CE} = {AD2F893D-6746-478A-87A0-1E489164F453}
		{1E2B0FCF-A19A-46C8-AB65-337C5A0EF771} = {AD2F893D-6746-478A-87A0-1E489164F453}
		{30DAC9F5-CFF7-4CD8-8EEA-F4F9CC68B600} = {BFE67EA3-0645-49B2-8318-8421B3E88988}
		{ECDD5492-E3C1-4B08-BFE1-382717E611B9} = {698E5043-2C8A-4A2C-8E55-2C2AA73D9560}
		{426CF5B5-2035-48F9-B413-BE08D1F2EF2A} = {F42ED6E2-B5DB-404F-8EB3-D0BD0E3C85CE}
		{FF2E5FD8-DE21-4D9F-8BB9-3DF80554A62C} = {1E2B0FCF-A19A-46C8-AB65-337C5A0EF771}
	EndGlobalSection
	GlobalSection(ExtensibilityGlobals) = postSolution
		SolutionGuid = {94726D31-D6D1-4CDC-A384-C4E87EB155B4}
	EndGlobalSection
EndGlobal
